
Microsoft Visual Studio Solution File, Format Version 12.00
# Visual Studio 14
VisualStudioVersion = 14.0.24720.0
MinimumVisualStudioVersion = 10.0.40219.1
Project("{FAE04EC0-301F-11D3-BF4B-00C04F79EFBC}") = "RubbishRecycle.PC.Main", "RubbishRecycle.PC.Main\RubbishRecycle.PC.Main.csproj", "{02CDE7F2-CF6E-45CA-A104-99ECB1828E46}"
EndProject
Project("{FAE04EC0-301F-11D3-BF4B-00C04F79EFBC}") = "RubbishRecycle.PC.Communication", "RubbishRecycle.PC.Communication\RubbishRecycle.PC.Communication.csproj", "{736C658F-63AD-41AC-B0A2-9C55DF645F8A}"
EndProject
Project("{FAE04EC0-301F-11D3-BF4B-00C04F79EFBC}") = "RubbishRecycle.PC.Contract", "RubbishRecycle.PC.Contract\RubbishRecycle.PC.Contract.csproj", "{FEFC40CE-66BF-481B-955A-D5EF45668BFB}"
EndProject
Global
	GlobalSection(SolutionConfigurationPlatforms) = preSolution
		Debug|Any CPU = Debug|Any CPU
		Release|Any CPU = Release|Any CPU
	EndGlobalSection
	GlobalSection(ProjectConfigurationPlatforms) = postSolution
		{02CDE7F2-CF6E-45CA-A104-99ECB1828E46}.Debug|Any CPU.ActiveCfg = Debug|Any CPU
		{02CDE7F2-CF6E-45CA-A104-99ECB1828E46}.Debug|Any CPU.Build.0 = Debug|Any CPU
		{02CDE7F2-CF6E-45CA-A104-99ECB1828E46}.Release|Any CPU.ActiveCfg = Release|Any CPU
		{02CDE7F2-CF6E-45CA-A104-99ECB1828E46}.Release|Any CPU.Build.0 = Release|Any CPU
		{736C658F-63AD-41AC-B0A2-9C55DF645F8A}.Debug|Any CPU.ActiveCfg = Debug|Any CPU
		{736C658F-63AD-41AC-B0A2-9C55DF645F8A}.Debug|Any CPU.Build.0 = Debug|Any CPU
		{736C658F-63AD-41AC-B0A2-9C55DF645F8A}.Release|Any CPU.ActiveCfg = Release|Any CPU
		{736C658F-63AD-41AC-B0A2-9C55DF645F8A}.Release|Any CPU.Build.0 = Release|Any CPU
		{FEFC40CE-66BF-481B-955A-D5EF45668BFB}.Debug|Any CPU.ActiveCfg = Debug|Any CPU
		{FEFC40CE-66BF-481B-955A-D5EF45668BFB}.Debug|Any CPU.Build.0 = Debug|Any CPU
		{FEFC40CE-66BF-481B-955A-D5EF45668BFB}.Release|Any CPU.ActiveCfg = Release|Any CPU
		{FEFC40CE-66BF-481B-955A-D5EF45668BFB}.Release|Any CPU.Build.0 = Release|Any CPU
	EndGlobalSection
	GlobalSection(SolutionProperties) = preSolution
		HideSolutionNode = FALSE
	EndGlobalSection
EndGlobal
